
Microsoft Visual Studio Solution File, Format Version 12.00
# Visual Studio Version 17
VisualStudioVersion = 17.0.32014.148
MinimumVisualStudioVersion = 10.0.40219.1
Project("{FAE04EC0-301F-11D3-BF4B-00C04F79EFBC}") = "ZomboidRCON", "ZomboidRCON\ZomboidRCON.csproj", "{0B9CCE50-D0CB-49D8-B383-EF2D2318130D}"
EndProject
Global
	GlobalSection(SolutionConfigurationPlatforms) = preSolution
		Debug|Any CPU = Debug|Any CPU
		Release|Any CPU = Release|Any CPU
	EndGlobalSection
	GlobalSection(ProjectConfigurationPlatforms) = postSolution
		{0B9CCE50-D0CB-49D8-B383-EF2D2318130D}.Debug|Any CPU.ActiveCfg = Debug|Any CPU
		{0B9CCE50-D0CB-49D8-B383-EF2D2318130D}.Debug|Any CPU.Build.0 = Debug|Any CPU
		{0B9CCE50-D0CB-49D8-B383-EF2D2318130D}.Release|Any CPU.ActiveCfg = Release|Any CPU
		{0B9CCE50-D0CB-49D8-B383-EF2D2318130D}.Release|Any CPU.Build.0 = Release|Any CPU
	EndGlobalSection
	GlobalSection(SolutionProperties) = preSolution
		HideSolutionNode = FALSE
	EndGlobalSection
	GlobalSection(ExtensibilityGlobals) = postSolution
		SolutionGuid = {6727C6EF-0520-4DEE-817D-2C95CA5C42B3}
	EndGlobalSection
EndGlobal
